
Microsoft Visual Studio Solution File, Format Version 12.00
# Visual Studio 14
VisualStudioVersion = 14.0.25420.1
MinimumVisualStudioVersion = 10.0.40219.1
Project("{FAE04EC0-301F-11D3-BF4B-00C04F79EFBC}") = "APIweb", "APIweb\APIweb.csproj", "{FBF74C8E-4E3E-4E3B-8768-DDD2CCEA55AD}"
EndProject
Project("{FAE04EC0-301F-11D3-BF4B-00C04F79EFBC}") = "APIrun", "APIrun\APIrun.csproj", "{974F72AE-4AAC-4E01-9092-48CD6CFF1697}"
EndProject
Global
	GlobalSection(SolutionConfigurationPlatforms) = preSolution
		Debug|Any CPU = Debug|Any CPU
		Release|Any CPU = Release|Any CPU
	EndGlobalSection
	GlobalSection(ProjectConfigurationPlatforms) = postSolution
		{FBF74C8E-4E3E-4E3B-8768-DDD2CCEA55AD}.Debug|Any CPU.ActiveCfg = Debug|Any CPU
		{FBF74C8E-4E3E-4E3B-8768-DDD2CCEA55AD}.Debug|Any CPU.Build.0 = Debug|Any CPU
		{FBF74C8E-4E3E-4E3B-8768-DDD2CCEA55AD}.Release|Any CPU.ActiveCfg = Release|Any CPU
		{FBF74C8E-4E3E-4E3B-8768-DDD2CCEA55AD}.Release|Any CPU.Build.0 = Release|Any CPU
		{974F72AE-4AAC-4E01-9092-48CD6CFF1697}.Debug|Any CPU.ActiveCfg = Debug|Any CPU
		{974F72AE-4AAC-4E01-9092-48CD6CFF1697}.Debug|Any CPU.Build.0 = Debug|Any CPU
		{974F72AE-4AAC-4E01-9092-48CD6CFF1697}.Release|Any CPU.ActiveCfg = Release|Any CPU
		{974F72AE-4AAC-4E01-9092-48CD6CFF1697}.Release|Any CPU.Build.0 = Release|Any CPU
	EndGlobalSection
	GlobalSection(SolutionProperties) = preSolution
		HideSolutionNode = FALSE
	EndGlobalSection
EndGlobal
